// !$*UTF8*$!
{
	archiveVersion = 1;
	classes = {
	};
	objectVersion = 50;
	objects = {

/* Begin PBXBuildFile section */
		CCE5745026BD790F00247D58 /* AppDelegate.swift in Sources */ = {isa = PBXBuildFile; fileRef = CCE5744F26BD790F00247D58 /* AppDelegate.swift */; };
		CCE5745226BD790F00247D58 /* SceneDelegate.swift in Sources */ = {isa = PBXBuildFile; fileRef = CCE5745126BD790F00247D58 /* SceneDelegate.swift */; };
		CCE5745426BD791000247D58 /* ViewController.swift in Sources */ = {isa = PBXBuildFile; fileRef = CCE5745326BD790F00247D58 /* ViewController.swift */; };
		CCE5745926BD791300247D58 /* Assets.xcassets in Resources */ = {isa = PBXBuildFile; fileRef = CCE5745826BD791300247D58 /* Assets.xcassets */; };
		CCE5745C26BD791300247D58 /* LaunchScreen.storyboard in Resources */ = {isa = PBXBuildFile; fileRef = CCE5745A26BD791300247D58 /* LaunchScreen.storyboard */; };
		CCE5746426BD795F00247D58 /* NasaApiClient.swift in Sources */ = {isa = PBXBuildFile; fileRef = CCE5746326BD795F00247D58 /* NasaApiClient.swift */; };
		CCE5746626BD7E0600247D58 /* FactTableViewController.swift in Sources */ = {isa = PBXBuildFile; fileRef = CCE5746526BD7E0600247D58 /* FactTableViewController.swift */; };
		CCE5746826BD7F4D00247D58 /* NasaDataStore.swift in Sources */ = {isa = PBXBuildFile; fileRef = CCE5746726BD7F4D00247D58 /* NasaDataStore.swift */; };
		CCE5746A26BD7F7F00247D58 /* NasaPicture.swift in Sources */ = {isa = PBXBuildFile; fileRef = CCE5746926BD7F7F00247D58 /* NasaPicture.swift */; };
		CCE5746C26BD7FA300247D58 /* NasaPlanet.swift in Sources */ = {isa = PBXBuildFile; fileRef = CCE5746B26BD7FA300247D58 /* NasaPlanet.swift */; };
		CCE5746F26BD805100247D58 /* PlanetTableViewController.swift in Sources */ = {isa = PBXBuildFile; fileRef = CCE5746E26BD805100247D58 /* PlanetTableViewController.swift */; };
		CCE5747326BD82EB00247D58 /* Main.storyboard in Resources */ = {isa = PBXBuildFile; fileRef = CCE5747226BD82EB00247D58 /* Main.storyboard */; };
/* End PBXBuildFile section */

/* Begin PBXFileReference section */
		CCE5744C26BD790F00247D58 /* api.nasa.gov.app */ = {isa = PBXFileReference; explicitFileType = wrapper.application; includeInIndex = 0; path = api.nasa.gov.app; sourceTree = BUILT_PRODUCTS_DIR; };
		CCE5744F26BD790F00247D58 /* AppDelegate.swift */ = {isa = PBXFileReference; lastKnownFileType = sourcecode.swift; path = AppDelegate.swift; sourceTree = "<group>"; };
		CCE5745126BD790F00247D58 /* SceneDelegate.swift */ = {isa = PBXFileReference; lastKnownFileType = sourcecode.swift; path = SceneDelegate.swift; sourceTree = "<group>"; };
		CCE5745326BD790F00247D58 /* ViewController.swift */ = {isa = PBXFileReference; lastKnownFileType = sourcecode.swift; path = ViewController.swift; sourceTree = "<group>"; };
		CCE5745826BD791300247D58 /* Assets.xcassets */ = {isa = PBXFileReference; lastKnownFileType = folder.assetcatalog; path = Assets.xcassets; sourceTree = "<group>"; };
		CCE5745B26BD791300247D58 /* Base */ = {isa = PBXFileReference; lastKnownFileType = file.storyboard; name = Base; path = Base.lproj/LaunchScreen.storyboard; sourceTree = "<group>"; };
		CCE5745D26BD791300247D58 /* Info.plist */ = {isa = PBXFileReference; lastKnownFileType = text.plist.xml; path = Info.plist; sourceTree = "<group>"; };
		CCE5746326BD795F00247D58 /* NasaApiClient.swift */ = {isa = PBXFileReference; lastKnownFileType = sourcecode.swift; path = NasaApiClient.swift; sourceTree = "<group>"; };
		CCE5746526BD7E0600247D58 /* FactTableViewController.swift */ = {isa = PBXFileReference; lastKnownFileType = sourcecode.swift; path = FactTableViewController.swift; sourceTree = "<group>"; };
		CCE5746726BD7F4D00247D58 /* NasaDataStore.swift */ = {isa = PBXFileReference; lastKnownFileType = sourcecode.swift; path = NasaDataStore.swift; sourceTree = "<group>"; };
		CCE5746926BD7F7F00247D58 /* NasaPicture.swift */ = {isa = PBXFileReference; lastKnownFileType = sourcecode.swift; path = NasaPicture.swift; sourceTree = "<group>"; };
		CCE5746B26BD7FA300247D58 /* NasaPlanet.swift */ = {isa = PBXFileReference; lastKnownFileType = sourcecode.swift; path = NasaPlanet.swift; sourceTree = "<group>"; };
		CCE5746E26BD805100247D58 /* PlanetTableViewController.swift */ = {isa = PBXFileReference; lastKnownFileType = sourcecode.swift; path = PlanetTableViewController.swift; sourceTree = "<group>"; };
		CCE5747226BD82EB00247D58 /* Main.storyboard */ = {isa = PBXFileReference; fileEncoding = 4; lastKnownFileType = file.storyboard; path = Main.storyboard; sourceTree = "<group>"; };
/* End PBXFileReference section */

/* Begin PBXFrameworksBuildPhase section */
		CCE5744926BD790F00247D58 /* Frameworks */ = {
			isa = PBXFrameworksBuildPhase;
			buildActionMask = 2147483647;
			files = (
			);
			runOnlyForDeploymentPostprocessing = 0;
		};
/* End PBXFrameworksBuildPhase section */

/* Begin PBXGroup section */
		CC83DAC826C14C610084BE0F /* Controllers */ = {
			isa = PBXGroup;
			children = (
				CCE5745326BD790F00247D58 /* ViewController.swift */,
				CCE5746526BD7E0600247D58 /* FactTableViewController.swift */,
				CCE5746E26BD805100247D58 /* PlanetTableViewController.swift */,
			);
			path = Controllers;
			sourceTree = "<group>";
		};
		CC83DAC926C14C760084BE0F /* ViewModels */ = {
			isa = PBXGroup;
			children = (
				CCE5746926BD7F7F00247D58 /* NasaPicture.swift */,
				CCE5746B26BD7FA300247D58 /* NasaPlanet.swift */,
			);
			path = ViewModels;
			sourceTree = "<group>";
		};
		CC83DACA26C14CB80084BE0F /* Resourses */ = {
			isa = PBXGroup;
			children = (
				CCE5746726BD7F4D00247D58 /* NasaDataStore.swift */,
				CCE5744F26BD790F00247D58 /* AppDelegate.swift */,
				CCE5745126BD790F00247D58 /* SceneDelegate.swift */,
			);
			path = Resourses;
			sourceTree = "<group>";
		};
		CC83DACB26C14D5B0084BE0F /* Views */ = {
			isa = PBXGroup;
			children = (
				CCE5745826BD791300247D58 /* Assets.xcassets */,
				CC83DACC26C14D980084BE0F /* Storyboards */,
			);
			path = Views;
			sourceTree = "<group>";
		};
		CC83DACC26C14D980084BE0F /* Storyboards */ = {
			isa = PBXGroup;
			children = (
				CCE5747226BD82EB00247D58 /* Main.storyboard */,
				CCE5745A26BD791300247D58 /* LaunchScreen.storyboard */,
			);
			path = Storyboards;
			sourceTree = "<group>";
		};
		CCE5744326BD790F00247D58 = {
			isa = PBXGroup;
			children = (
				CCE5744E26BD790F00247D58 /* api.nasa.gov */,
				CCE5744D26BD790F00247D58 /* Products */,
			);
			sourceTree = "<group>";
		};
		CCE5744D26BD790F00247D58 /* Products */ = {
			isa = PBXGroup;
			children = (
				CCE5744C26BD790F00247D58 /* api.nasa.gov.app */,
			);
			name = Products;
			sourceTree = "<group>";
		};
		CCE5744E26BD790F00247D58 /* api.nasa.gov */ = {
			isa = PBXGroup;
			children = (
				CCE5745D26BD791300247D58 /* Info.plist */,
				CC83DAC826C14C610084BE0F /* Controllers */,
				CC83DACB26C14D5B0084BE0F /* Views */,
				CCE5746326BD795F00247D58 /* NasaApiClient.swift */,
				CC83DACA26C14CB80084BE0F /* Resourses */,
				CC83DAC926C14C760084BE0F /* ViewModels */,
			);
			path = api.nasa.gov;
			sourceTree = "<group>";
		};
/* End PBXGroup section */

/* Begin PBXNativeTarget section */
		CCE5744B26BD790F00247D58 /* api.nasa.gov */ = {
			isa = PBXNativeTarget;
			buildConfigurationList = CCE5746026BD791300247D58 /* Build configuration list for PBXNativeTarget "api.nasa.gov" */;
			buildPhases = (
				CCE5744826BD790F00247D58 /* Sources */,
				CCE5744926BD790F00247D58 /* Frameworks */,
				CCE5744A26BD790F00247D58 /* Resources */,
			);
			buildRules = (
			);
			dependencies = (
			);
			name = api.nasa.gov;
			productName = "api.nasa.gov ).  Необходимо предоставить пользователю возможность выбора марсохода, камеры и даты.  NASAApiClient";
			productReference = CCE5744C26BD790F00247D58 /* api.nasa.gov.app */;
			productType = "com.apple.product-type.application";
		};
/* End PBXNativeTarget section */

/* Begin PBXProject section */
		CCE5744426BD790F00247D58 /* Project object */ = {
			isa = PBXProject;
			attributes = {
				LastSwiftUpdateCheck = 1250;
				LastUpgradeCheck = 1250;
				TargetAttributes = {
					CCE5744B26BD790F00247D58 = {
						CreatedOnToolsVersion = 12.5.1;
					};
				};
			};
			buildConfigurationList = CCE5744726BD790F00247D58 /* Build configuration list for PBXProject "api.nasa.gov" */;
			compatibilityVersion = "Xcode 9.3";
			developmentRegion = en;
			hasScannedForEncodings = 0;
			knownRegions = (
				en,
				Base,
			);
			mainGroup = CCE5744326BD790F00247D58;
			productRefGroup = CCE5744D26BD790F00247D58 /* Products */;
			projectDirPath = "";
			projectRoot = "";
			targets = (
				CCE5744B26BD790F00247D58 /* api.nasa.gov */,
			);
		};
/* End PBXProject section */

/* Begin PBXResourcesBuildPhase section */
		CCE5744A26BD790F00247D58 /* Resources */ = {
			isa = PBXResourcesBuildPhase;
			buildActionMask = 2147483647;
			files = (
				CCE5745C26BD791300247D58 /* LaunchScreen.storyboard in Resources */,
				CCE5745926BD791300247D58 /* Assets.xcassets in Resources */,
				CCE5747326BD82EB00247D58 /* Main.storyboard in Resources */,
			);
			runOnlyForDeploymentPostprocessing = 0;
		};
/* End PBXResourcesBuildPhase section */

/* Begin PBXSourcesBuildPhase section */
		CCE5744826BD790F00247D58 /* Sources */ = {
			isa = PBXSourcesBuildPhase;
			buildActionMask = 2147483647;
			files = (
				CCE5746F26BD805100247D58 /* PlanetTableViewController.swift in Sources */,
				CCE5745426BD791000247D58 /* ViewController.swift in Sources */,
				CCE5746626BD7E0600247D58 /* FactTableViewController.swift in Sources */,
				CCE5746C26BD7FA300247D58 /* NasaPlanet.swift in Sources */,
				CCE5746826BD7F4D00247D58 /* NasaDataStore.swift in Sources */,
				CCE5745026BD790F00247D58 /* AppDelegate.swift in Sources */,
				CCE5746426BD795F00247D58 /* NasaApiClient.swift in Sources */,
				CCE5745226BD790F00247D58 /* SceneDelegate.swift in Sources */,
				CCE5746A26BD7F7F00247D58 /* NasaPicture.swift in Sources */,
			);
			runOnlyForDeploymentPostprocessing = 0;
		};
/* End PBXSourcesBuildPhase section */

/* Begin PBXVariantGroup section */
		CCE5745A26BD791300247D58 /* LaunchScreen.storyboard */ = {
			isa = PBXVariantGroup;
			children = (
				CCE5745B26BD791300247D58 /* Base */,
			);
			name = LaunchScreen.storyboard;
			sourceTree = "<group>";
		};
/* End PBXVariantGroup section */

/* Begin XCBuildConfiguration section */
		CCE5745E26BD791300247D58 /* Debug */ = {
			isa = XCBuildConfiguration;
			buildSettings = {
				ALWAYS_SEARCH_USER_PATHS = NO;
				CLANG_ANALYZER_NONNULL = YES;
				CLANG_ANALYZER_NUMBER_OBJECT_CONVERSION = YES_AGGRESSIVE;
				CLANG_CXX_LANGUAGE_STANDARD = "gnu++14";
				CLANG_CXX_LIBRARY = "libc++";
				CLANG_ENABLE_MODULES = YES;
				CLANG_ENABLE_OBJC_ARC = YES;
				CLANG_ENABLE_OBJC_WEAK = YES;
				CLANG_WARN_BLOCK_CAPTURE_AUTORELEASING = YES;
				CLANG_WARN_BOOL_CONVERSION = YES;
				CLANG_WARN_COMMA = YES;
				CLANG_WARN_CONSTANT_CONVERSION = YES;
				CLANG_WARN_DEPRECATED_OBJC_IMPLEMENTATIONS = YES;
				CLANG_WARN_DIRECT_OBJC_ISA_USAGE = YES_ERROR;
				CLANG_WARN_DOCUMENTATION_COMMENTS = YES;
				CLANG_WARN_EMPTY_BODY = YES;
				CLANG_WARN_ENUM_CONVERSION = YES;
				CLANG_WARN_INFINITE_RECURSION = YES;
				CLANG_WARN_INT_CONVERSION = YES;
				CLANG_WARN_NON_LITERAL_NULL_CONVERSION = YES;
				CLANG_WARN_OBJC_IMPLICIT_RETAIN_SELF = YES;
				CLANG_WARN_OBJC_LITERAL_CONVERSION = YES;
				CLANG_WARN_OBJC_ROOT_CLASS = YES_ERROR;
				CLANG_WARN_QUOTED_INCLUDE_IN_FRAMEWORK_HEADER = YES;
				CLANG_WARN_RANGE_LOOP_ANALYSIS = YES;
				CLANG_WARN_STRICT_PROTOTYPES = YES;
				CLANG_WARN_SUSPICIOUS_MOVE = YES;
				CLANG_WARN_UNGUARDED_AVAILABILITY = YES_AGGRESSIVE;
				CLANG_WARN_UNREACHABLE_CODE = YES;
				CLANG_WARN__DUPLICATE_METHOD_MATCH = YES;
				COPY_PHASE_STRIP = NO;
				DEBUG_INFORMATION_FORMAT = dwarf;
				ENABLE_STRICT_OBJC_MSGSEND = YES;
				ENABLE_TESTABILITY = YES;
				GCC_C_LANGUAGE_STANDARD = gnu11;
				GCC_DYNAMIC_NO_PIC = NO;
				GCC_NO_COMMON_BLOCKS = YES;
				GCC_OPTIMIZATION_LEVEL = 0;
				GCC_PREPROCESSOR_DEFINITIONS = (
					"DEBUG=1",
					"$(inherited)",
				);
				GCC_WARN_64_TO_32_BIT_CONVERSION = YES;
				GCC_WARN_ABOUT_RETURN_TYPE = YES_ERROR;
				GCC_WARN_UNDECLARED_SELECTOR = YES;
				GCC_WARN_UNINITIALIZED_AUTOS = YES_AGGRESSIVE;
				GCC_WARN_UNUSED_FUNCTION = YES;
				GCC_WARN_UNUSED_VARIABLE = YES;
				IPHONEOS_DEPLOYMENT_TARGET = 14.5;
				MTL_ENABLE_DEBUG_INFO = INCLUDE_SOURCE;
				MTL_FAST_MATH = YES;
				ONLY_ACTIVE_ARCH = YES;
				SDKROOT = iphoneos;
				SWIFT_ACTIVE_COMPILATION_CONDITIONS = DEBUG;
				SWIFT_OPTIMIZATION_LEVEL = "-Onone";
			};
			name = Debug;
		};
		CCE5745F26BD791300247D58 /* Release */ = {
			isa = XCBuildConfiguration;
			buildSettings = {
				ALWAYS_SEARCH_USER_PATHS = NO;
				CLANG_ANALYZER_NONNULL = YES;
				CLANG_ANALYZER_NUMBER_OBJECT_CONVERSION = YES_AGGRESSIVE;
				CLANG_CXX_LANGUAGE_STANDARD = "gnu++14";
				CLANG_CXX_LIBRARY = "libc++";
				CLANG_ENABLE_MODULES = YES;
				CLANG_ENABLE_OBJC_ARC = YES;
				CLANG_ENABLE_OBJC_WEAK = YES;
				CLANG_WARN_BLOCK_CAPTURE_AUTORELEASING = YES;
				CLANG_WARN_BOOL_CONVERSION = YES;
				CLANG_WARN_COMMA = YES;
				CLANG_WARN_CONSTANT_CONVERSION = YES;
				CLANG_WARN_DEPRECATED_OBJC_IMPLEMENTATIONS = YES;
				CLANG_WARN_DIRECT_OBJC_ISA_USAGE = YES_ERROR;
				CLANG_WARN_DOCUMENTATION_COMMENTS = YES;
				CLANG_WARN_EMPTY_BODY = YES;
				CLANG_WARN_ENUM_CONVERSION = YES;
				CLANG_WARN_INFINITE_RECURSION = YES;
				CLANG_WARN_INT_CONVERSION = YES;
				CLANG_WARN_NON_LITERAL_NULL_CONVERSION = YES;
				CLANG_WARN_OBJC_IMPLICIT_RETAIN_SELF = YES;
				CLANG_WARN_OBJC_LITERAL_CONVERSION = YES;
				CLANG_WARN_OBJC_ROOT_CLASS = YES_ERROR;
				CLANG_WARN_QUOTED_INCLUDE_IN_FRAMEWORK_HEADER = YES;
				CLANG_WARN_RANGE_LOOP_ANALYSIS = YES;
				CLANG_WARN_STRICT_PROTOTYPES = YES;
				CLANG_WARN_SUSPICIOUS_MOVE = YES;
				CLANG_WARN_UNGUARDED_AVAILABILITY = YES_AGGRESSIVE;
				CLANG_WARN_UNREACHABLE_CODE = YES;
				CLANG_WARN__DUPLICATE_METHOD_MATCH = YES;
				COPY_PHASE_STRIP = NO;
				DEBUG_INFORMATION_FORMAT = "dwarf-with-dsym";
				ENABLE_NS_ASSERTIONS = NO;
				ENABLE_STRICT_OBJC_MSGSEND = YES;
				GCC_C_LANGUAGE_STANDARD = gnu11;
				GCC_NO_COMMON_BLOCKS = YES;
				GCC_WARN_64_TO_32_BIT_CONVERSION = YES;
				GCC_WARN_ABOUT_RETURN_TYPE = YES_ERROR;
				GCC_WARN_UNDECLARED_SELECTOR = YES;
				GCC_WARN_UNINITIALIZED_AUTOS = YES_AGGRESSIVE;
				GCC_WARN_UNUSED_FUNCTION = YES;
				GCC_WARN_UNUSED_VARIABLE = YES;
				IPHONEOS_DEPLOYMENT_TARGET = 14.5;
				MTL_ENABLE_DEBUG_INFO = NO;
				MTL_FAST_MATH = YES;
				SDKROOT = iphoneos;
				SWIFT_COMPILATION_MODE = wholemodule;
				SWIFT_OPTIMIZATION_LEVEL = "-O";
				VALIDATE_PRODUCT = YES;
			};
			name = Release;
		};
		CCE5746126BD791300247D58 /* Debug */ = {
			isa = XCBuildConfiguration;
			buildSettings = {
				ASSETCATALOG_COMPILER_APPICON_NAME = AppIcon;
				ASSETCATALOG_COMPILER_GLOBAL_ACCENT_COLOR_NAME = AccentColor;
				CODE_SIGN_STYLE = Automatic;
				DEVELOPMENT_TEAM = 84HLL83D37;
				INFOPLIST_FILE = "$(SRCROOT)/api.nasa.gov/Info.plist";
				LD_RUNPATH_SEARCH_PATHS = (
					"$(inherited)",
					"@executable_path/Frameworks",
				);
				PRODUCT_BUNDLE_IDENTIFIER = "zhaglina.api-nasa-gov----------------------------------------------------------------------------------------NASAApiClient";
				PRODUCT_NAME = "$(TARGET_NAME)";
				SWIFT_VERSION = 5.0;
				TARGETED_DEVICE_FAMILY = 1;
			};
			name = Debug;
		};
		CCE5746226BD791300247D58 /* Release */ = {
			isa = XCBuildConfiguration;
			buildSettings = {
				ASSETCATALOG_COMPILER_APPICON_NAME = AppIcon;
				ASSETCATALOG_COMPILER_GLOBAL_ACCENT_COLOR_NAME = AccentColor;
				CODE_SIGN_STYLE = Automatic;
				DEVELOPMENT_TEAM = 84HLL83D37;
				INFOPLIST_FILE = "$(SRCROOT)/api.nasa.gov/Info.plist";
				LD_RUNPATH_SEARCH_PATHS = (
					"$(inherited)",
					"@executable_path/Frameworks",
				);
				PRODUCT_BUNDLE_IDENTIFIER = "zhaglina.api-nasa-gov----------------------------------------------------------------------------------------NASAApiClient";
				PRODUCT_NAME = "$(TARGET_NAME)";
				SWIFT_VERSION = 5.0;
				TARGETED_DEVICE_FAMILY = 1;
			};
			name = Release;
		};
/* End XCBuildConfiguration section */

/* Begin XCConfigurationList section */
		CCE5744726BD790F00247D58 /* Build configuration list for PBXProject "api.nasa.gov" */ = {
			isa = XCConfigurationList;
			buildConfigurations = (
				CCE5745E26BD791300247D58 /* Debug */,
				CCE5745F26BD791300247D58 /* Release */,
			);
			defaultConfigurationIsVisible = 0;
			defaultConfigurationName = Release;
		};
		CCE5746026BD791300247D58 /* Build configuration list for PBXNativeTarget "api.nasa.gov" */ = {
			isa = XCConfigurationList;
			buildConfigurations = (
				CCE5746126BD791300247D58 /* Debug */,
				CCE5746226BD791300247D58 /* Release */,
			);
			defaultConfigurationIsVisible = 0;
			defaultConfigurationName = Release;
		};
/* End XCConfigurationList section */
	};
	rootObject = CCE5744426BD790F00247D58 /* Project object */;
}
